{
  "pins" : [
    {
      "identity" : "mmkv",
      "kind" : "remoteSourceControl",
      "location" : "git@gitee.com:TokenTeam/MMKV.git",
      "state" : {
        "revision" : "b064ae3f346ebe326d9d3f4aa2b0c2beb367673c",
        "version" : "2.0.2"
      }
    },
    {
      "identity" : "mmkvcore",
      "kind" : "remoteSourceControl",
      "location" : "git@gitee.com:TokenTeam/MMKVCore.git",
      "state" : {
        "revision" : "32e1425bbb2008ddf4dd60262706dc6f1e3b774d",
        "version" : "2.0.2"
      }
    }
  ],
  "version" : 2
}
